Microsoft Visual Studio Solution File, Format Version 12.00
# Visual Studio Version 17
VisualStudioVersion = 17.5.2.0
MinimumVisualStudioVersion = 10.0.40219.1
Project("{FAE04EC0-301F-11D3-BF4B-00C04F79EFBC}") = "08_unit-of-work", "08_unit-of-work.csproj", "{2CE6F5AC-FA6B-6C5F-1BC1-12BBE5A0364D}"
EndProject
Global
	GlobalSection(SolutionConfigurationPlatforms) = preSolution
		Debug|Any CPU = Debug|Any CPU
		Release|Any CPU = Release|Any CPU
	EndGlobalSection
	GlobalSection(ProjectConfigurationPlatforms) = postSolution
		{2CE6F5AC-FA6B-6C5F-1BC1-12BBE5A0364D}.Debug|Any CPU.ActiveCfg = Debug|Any CPU
		{2CE6F5AC-FA6B-6C5F-1BC1-12BBE5A0364D}.Debug|Any CPU.Build.0 = Debug|Any CPU
		{2CE6F5AC-FA6B-6C5F-1BC1-12BBE5A0364D}.Release|Any CPU.ActiveCfg = Release|Any CPU
		{2CE6F5AC-FA6B-6C5F-1BC1-12BBE5A0364D}.Release|Any CPU.Build.0 = Release|Any CPU
	EndGlobalSection
	GlobalSection(SolutionProperties) = preSolution
		HideSolutionNode = FALSE
	EndGlobalSection
	GlobalSection(ExtensibilityGlobals) = postSolution
		SolutionGuid = {06D8D47C-D875-4958-B1EC-DC074D51A5D8}
	EndGlobalSection
EndGlobal
