
Microsoft Visual Studio Solution File, Format Version 12.00
# Visual Studio Version 17
VisualStudioVersion = 17.5.2.0
MinimumVisualStudioVersion = 10.0.40219.1
Project("{FAE04EC0-301F-11D3-BF4B-00C04F79EFBC}") = "06_areas", "06_areas\06_areas.csproj", "{B8E82DDF-5D69-3A08-9787-F23E3B3B818D}"
EndProject
Project("{FAE04EC0-301F-11D3-BF4B-00C04F79EFBC}") = "05_onion-architecture", "05_onion-architecture\05_onion-architecture.csproj", "{14F221D5-EB1E-A695-171B-4D3503DD1C88}"
EndProject
Project("{FAE04EC0-301F-11D3-BF4B-00C04F79EFBC}") = "01_getting-started", "01_getting-started\01_getting-started.csproj", "{C19F966C-1C59-432C-A77C-D05F10B7CB0B}"
EndProject
Project("{FAE04EC0-301F-11D3-BF4B-00C04F79EFBC}") = "02_repository-pattern", "02_layered-architecture\02_repository-pattern.csproj", "{F44F39F0-919C-4F66-B923-E5DFD6108810}"
EndProject
Global
	GlobalSection(SolutionConfigurationPlatforms) = preSolution
		Debug|Any CPU = Debug|Any CPU
		Debug|x64 = Debug|x64
		Debug|x86 = Debug|x86
		Release|Any CPU = Release|Any CPU
		Release|x64 = Release|x64
		Release|x86 = Release|x86
	EndGlobalSection
	GlobalSection(ProjectConfigurationPlatforms) = postSolution
		{B8E82DDF-5D69-3A08-9787-F23E3B3B818D}.Debug|Any CPU.ActiveCfg = Debug|Any CPU
		{B8E82DDF-5D69-3A08-9787-F23E3B3B818D}.Debug|Any CPU.Build.0 = Debug|Any CPU
		{B8E82DDF-5D69-3A08-9787-F23E3B3B818D}.Debug|x64.ActiveCfg = Debug|Any CPU
		{B8E82DDF-5D69-3A08-9787-F23E3B3B818D}.Debug|x64.Build.0 = Debug|Any CPU
		{B8E82DDF-5D69-3A08-9787-F23E3B3B818D}.Debug|x86.ActiveCfg = Debug|Any CPU
		{B8E82DDF-5D69-3A08-9787-F23E3B3B818D}.Debug|x86.Build.0 = Debug|Any CPU
		{B8E82DDF-5D69-3A08-9787-F23E3B3B818D}.Release|Any CPU.ActiveCfg = Release|Any CPU
		{B8E82DDF-5D69-3A08-9787-F23E3B3B818D}.Release|Any CPU.Build.0 = Release|Any CPU
		{B8E82DDF-5D69-3A08-9787-F23E3B3B818D}.Release|x64.ActiveCfg = Release|Any CPU
		{B8E82DDF-5D69-3A08-9787-F23E3B3B818D}.Release|x64.Build.0 = Release|Any CPU
		{B8E82DDF-5D69-3A08-9787-F23E3B3B818D}.Release|x86.ActiveCfg = Release|Any CPU
		{B8E82DDF-5D69-3A08-9787-F23E3B3B818D}.Release|x86.Build.0 = Release|Any CPU
		{14F221D5-EB1E-A695-171B-4D3503DD1C88}.Debug|Any CPU.ActiveCfg = Debug|Any CPU
		{14F221D5-EB1E-A695-171B-4D3503DD1C88}.Debug|Any CPU.Build.0 = Debug|Any CPU
		{14F221D5-EB1E-A695-171B-4D3503DD1C88}.Debug|x64.ActiveCfg = Debug|Any CPU
		{14F221D5-EB1E-A695-171B-4D3503DD1C88}.Debug|x64.Build.0 = Debug|Any CPU
		{14F221D5-EB1E-A695-171B-4D3503DD1C88}.Debug|x86.ActiveCfg = Debug|Any CPU
		{14F221D5-EB1E-A695-171B-4D3503DD1C88}.Debug|x86.Build.0 = Debug|Any CPU
		{14F221D5-EB1E-A695-171B-4D3503DD1C88}.Release|Any CPU.ActiveCfg = Release|Any CPU
		{14F221D5-EB1E-A695-171B-4D3503DD1C88}.Release|Any CPU.Build.0 = Release|Any CPU
		{14F221D5-EB1E-A695-171B-4D3503DD1C88}.Release|x64.ActiveCfg = Release|Any CPU
		{14F221D5-EB1E-A695-171B-4D3503DD1C88}.Release|x64.Build.0 = Release|Any CPU
		{14F221D5-EB1E-A695-171B-4D3503DD1C88}.Release|x86.ActiveCfg = Release|Any CPU
		{14F221D5-EB1E-A695-171B-4D3503DD1C88}.Release|x86.Build.0 = Release|Any CPU
		{C19F966C-1C59-432C-A77C-D05F10B7CB0B}.Debug|Any CPU.ActiveCfg = Debug|Any CPU
		{C19F966C-1C59-432C-A77C-D05F10B7CB0B}.Debug|Any CPU.Build.0 = Debug|Any CPU
		{C19F966C-1C59-432C-A77C-D05F10B7CB0B}.Debug|x64.ActiveCfg = Debug|Any CPU
		{C19F966C-1C59-432C-A77C-D05F10B7CB0B}.Debug|x64.Build.0 = Debug|Any CPU
		{C19F966C-1C59-432C-A77C-D05F10B7CB0B}.Debug|x86.ActiveCfg = Debug|Any CPU
		{C19F966C-1C59-432C-A77C-D05F10B7CB0B}.Debug|x86.Build.0 = Debug|Any CPU
		{C19F966C-1C59-432C-A77C-D05F10B7CB0B}.Release|Any CPU.ActiveCfg = Release|Any CPU
		{C19F966C-1C59-432C-A77C-D05F10B7CB0B}.Release|Any CPU.Build.0 = Release|Any CPU
		{C19F966C-1C59-432C-A77C-D05F10B7CB0B}.Release|x64.ActiveCfg = Release|Any CPU
		{C19F966C-1C59-432C-A77C-D05F10B7CB0B}.Release|x64.Build.0 = Release|Any CPU
		{C19F966C-1C59-432C-A77C-D05F10B7CB0B}.Release|x86.ActiveCfg = Release|Any CPU
		{C19F966C-1C59-432C-A77C-D05F10B7CB0B}.Release|x86.Build.0 = Release|Any CPU
		{F44F39F0-919C-4F66-B923-E5DFD6108810}.Debug|Any CPU.ActiveCfg = Debug|Any CPU
		{F44F39F0-919C-4F66-B923-E5DFD6108810}.Debug|Any CPU.Build.0 = Debug|Any CPU
		{F44F39F0-919C-4F66-B923-E5DFD6108810}.Debug|x64.ActiveCfg = Debug|Any CPU
		{F44F39F0-919C-4F66-B923-E5DFD6108810}.Debug|x64.Build.0 = Debug|Any CPU
		{F44F39F0-919C-4F66-B923-E5DFD6108810}.Debug|x86.ActiveCfg = Debug|Any CPU
		{F44F39F0-919C-4F66-B923-E5DFD6108810}.Debug|x86.Build.0 = Debug|Any CPU
		{F44F39F0-919C-4F66-B923-E5DFD6108810}.Release|Any CPU.ActiveCfg = Release|Any CPU
		{F44F39F0-919C-4F66-B923-E5DFD6108810}.Release|Any CPU.Build.0 = Release|Any CPU
		{F44F39F0-919C-4F66-B923-E5DFD6108810}.Release|x64.ActiveCfg = Release|Any CPU
		{F44F39F0-919C-4F66-B923-E5DFD6108810}.Release|x64.Build.0 = Release|Any CPU
		{F44F39F0-919C-4F66-B923-E5DFD6108810}.Release|x86.ActiveCfg = Release|Any CPU
		{F44F39F0-919C-4F66-B923-E5DFD6108810}.Release|x86.Build.0 = Release|Any CPU
	EndGlobalSection
	GlobalSection(SolutionProperties) = preSolution
		HideSolutionNode = FALSE
	EndGlobalSection
	GlobalSection(ExtensibilityGlobals) = postSolution
		SolutionGuid = {CB0133C4-E35A-46DD-A894-BB63AB6EC548}
	EndGlobalSection
EndGlobal
