Microsoft Visual Studio Solution File, Format Version 12.00
# Visual Studio Version 17
VisualStudioVersion = 17.5.2.0
MinimumVisualStudioVersion = 10.0.40219.1
Project("{FAE04EC0-301F-11D3-BF4B-00C04F79EFBC}") = "11_dto-automapper-authentication", "11_dto-automapper-authentication.csproj", "{9F51A358-040C-50CB-38A6-13D16A49880B}"
EndProject
Global
	GlobalSection(SolutionConfigurationPlatforms) = preSolution
		Debug|Any CPU = Debug|Any CPU
		Release|Any CPU = Release|Any CPU
	EndGlobalSection
	GlobalSection(ProjectConfigurationPlatforms) = postSolution
		{9F51A358-040C-50CB-38A6-13D16A49880B}.Debug|Any CPU.ActiveCfg = Debug|Any CPU
		{9F51A358-040C-50CB-38A6-13D16A49880B}.Debug|Any CPU.Build.0 = Debug|Any CPU
		{9F51A358-040C-50CB-38A6-13D16A49880B}.Release|Any CPU.ActiveCfg = Release|Any CPU
		{9F51A358-040C-50CB-38A6-13D16A49880B}.Release|Any CPU.Build.0 = Release|Any CPU
	EndGlobalSection
	GlobalSection(SolutionProperties) = preSolution
		HideSolutionNode = FALSE
	EndGlobalSection
	GlobalSection(ExtensibilityGlobals) = postSolution
		SolutionGuid = {286FB438-A9D9-411A-B627-5D1D4FFAD4A2}
	EndGlobalSection
EndGlobal
