Microsoft Visual Studio Solution File, Format Version 12.00
# Visual Studio Version 17
VisualStudioVersion = 17.5.2.0
MinimumVisualStudioVersion = 10.0.40219.1
Project("{FAE04EC0-301F-11D3-BF4B-00C04F79EFBC}") = "15_product-management-system", "15_product-management-system.csproj", "{8C93B6D8-9526-ECD4-F7A6-BBA2C6FA5243}"
EndProject
Global
	GlobalSection(SolutionConfigurationPlatforms) = preSolution
		Debug|Any CPU = Debug|Any CPU
		Release|Any CPU = Release|Any CPU
	EndGlobalSection
	GlobalSection(ProjectConfigurationPlatforms) = postSolution
		{8C93B6D8-9526-ECD4-F7A6-BBA2C6FA5243}.Debug|Any CPU.ActiveCfg = Debug|Any CPU
		{8C93B6D8-9526-ECD4-F7A6-BBA2C6FA5243}.Debug|Any CPU.Build.0 = Debug|Any CPU
		{8C93B6D8-9526-ECD4-F7A6-BBA2C6FA5243}.Release|Any CPU.ActiveCfg = Release|Any CPU
		{8C93B6D8-9526-ECD4-F7A6-BBA2C6FA5243}.Release|Any CPU.Build.0 = Release|Any CPU
	EndGlobalSection
	GlobalSection(SolutionProperties) = preSolution
		HideSolutionNode = FALSE
	EndGlobalSection
	GlobalSection(ExtensibilityGlobals) = postSolution
		SolutionGuid = {5DF7240E-63E5-421F-87B7-907501E1E3A7}
	EndGlobalSection
EndGlobal
